// !$*UTF8*$!
{
	archiveVersion = 1;
	classes = {
	};
	objectVersion = 55;
	objects = {

/* Begin PBXBuildFile section */
		C4D62868279AA2A2002C0341 /* AppDelegate.swift in Sources */ = {isa = PBXBuildFile; fileRef = C4D62867279AA2A2002C0341 /* AppDelegate.swift */; };
		C4D6286A279AA2A2002C0341 /* SceneDelegate.swift in Sources */ = {isa = PBXBuildFile; fileRef = C4D62869279AA2A2002C0341 /* SceneDelegate.swift */; };
		C4D6286C279AA2A2002C0341 /* ViewController.swift in Sources */ = {isa = PBXBuildFile; fileRef = C4D6286B279AA2A2002C0341 /* ViewController.swift */; };
		C4D6286F279AA2A2002C0341 /* Main.storyboard in Resources */ = {isa = PBXBuildFile; fileRef = C4D6286D279AA2A2002C0341 /* Main.storyboard */; };
		C4D62871279AA2A4002C0341 /* Assets.xcassets in Resources */ = {isa = PBXBuildFile; fileRef = C4D62870279AA2A4002C0341 /* Assets.xcassets */; };
		C4D62874279AA2A4002C0341 /* LaunchScreen.storyboard in Resources */ = {isa = PBXBuildFile; fileRef = C4D62872279AA2A4002C0341 /* LaunchScreen.storyboard */; };
		C4D6287F279AA2A4002C0341 /* BBTagViewTests.swift in Sources */ = {isa = PBXBuildFile; fileRef = C4D6287E279AA2A4002C0341 /* BBTagViewTests.swift */; };
		C4D62889279AA2A4002C0341 /* BBTagViewUITests.swift in Sources */ = {isa = PBXBuildFile; fileRef = C4D62888279AA2A4002C0341 /* BBTagViewUITests.swift */; };
		C4D6288B279AA2A4002C0341 /* BBTagViewUITestsLaunchTests.swift in Sources */ = {isa = PBXBuildFile; fileRef = C4D6288A279AA2A4002C0341 /* BBTagViewUITestsLaunchTests.swift */; };
/* End PBXBuildFile section */

/* Begin PBXContainerItemProxy section */
		C4D6287B279AA2A4002C0341 /* PBXContainerItemProxy */ = {
			isa = PBXContainerItemProxy;
			containerPortal = C4D6285C279AA2A2002C0341 /* Project object */;
			proxyType = 1;
			remoteGlobalIDString = C4D62863279AA2A2002C0341;
			remoteInfo = BBTagView;
		};
		C4D62885279AA2A4002C0341 /* PBXContainerItemProxy */ = {
			isa = PBXContainerItemProxy;
			containerPortal = C4D6285C279AA2A2002C0341 /* Project object */;
			proxyType = 1;
			remoteGlobalIDString = C4D62863279AA2A2002C0341;
			remoteInfo = BBTagView;
		};
/* End PBXContainerItemProxy section */

/* Begin PBXFileReference section */
		C4D62864279AA2A2002C0341 /* BBTagView.app */ = {isa = PBXFileReference; explicitFileType = wrapper.application; includeInIndex = 0; path = BBTagView.app; sourceTree = BUILT_PRODUCTS_DIR; };
		C4D62867279AA2A2002C0341 /* AppDelegate.swift */ = {isa = PBXFileReference; lastKnownFileType = sourcecode.swift; path = AppDelegate.swift; sourceTree = "<group>"; };
		C4D62869279AA2A2002C0341 /* SceneDelegate.swift */ = {isa = PBXFileReference; lastKnownFileType = sourcecode.swift; path = SceneDelegate.swift; sourceTree = "<group>"; };
		C4D6286B279AA2A2002C0341 /* ViewController.swift */ = {isa = PBXFileReference; lastKnownFileType = sourcecode.swift; path = ViewController.swift; sourceTree = "<group>"; };
		C4D6286E279AA2A2002C0341 /* Base */ = {isa = PBXFileReference; lastKnownFileType = file.storyboard; name = Base; path = Base.lproj/Main.storyboard; sourceTree = "<group>"; };
		C4D62870279AA2A4002C0341 /* Assets.xcassets */ = {isa = PBXFileReference; lastKnownFileType = folder.assetcatalog; path = Assets.xcassets; sourceTree = "<group>"; };
		C4D62873279AA2A4002C0341 /* Base */ = {isa = PBXFileReference; lastKnownFileType = file.storyboard; name = Base; path = Base.lproj/LaunchScreen.storyboard; sourceTree = "<group>"; };
		C4D62875279AA2A4002C0341 /* Info.plist */ = {isa = PBXFileReference; lastKnownFileType = text.plist.xml; path = Info.plist; sourceTree = "<group>"; };
		C4D6287A279AA2A4002C0341 /* BBTagViewTests.xctest */ = {isa = PBXFileReference; explicitFileType = wrapper.cfbundle; includeInIndex = 0; path = BBTagViewTests.xctest; sourceTree = BUILT_PRODUCTS_DIR; };
		C4D6287E279AA2A4002C0341 /* BBTagViewTests.swift */ = {isa = PBXFileReference; lastKnownFileType = sourcecode.swift; path = BBTagViewTests.swift; sourceTree = "<group>"; };
		C4D62884279AA2A4002C0341 /* BBTagViewUITests.xctest */ = {isa = PBXFileReference; explicitFileType = wrapper.cfbundle; includeInIndex = 0; path = BBTagViewUITests.xctest; sourceTree = BUILT_PRODUCTS_DIR; };
		C4D62888279AA2A4002C0341 /* BBTagViewUITests.swift */ = {isa = PBXFileReference; lastKnownFileType = sourcecode.swift; path = BBTagViewUITests.swift; sourceTree = "<group>"; };
		C4D6288A279AA2A4002C0341 /* BBTagViewUITestsLaunchTests.swift */ = {isa = PBXFileReference; lastKnownFileType = sourcecode.swift; path = BBTagViewUITestsLaunchTests.swift; sourceTree = "<group>"; };
/* End PBXFileReference section */

/* Begin PBXFrameworksBuildPhase section */
		C4D62861279AA2A2002C0341 /* Frameworks */ = {
			isa = PBXFrameworksBuildPhase;
			buildActionMask = 2147483647;
			files = (
			);
			runOnlyForDeploymentPostprocessing = 0;
		};
		C4D62877279AA2A4002C0341 /* Frameworks */ = {
			isa = PBXFrameworksBuildPhase;
			buildActionMask = 2147483647;
			files = (
			);
			runOnlyForDeploymentPostprocessing = 0;
		};
		C4D62881279AA2A4002C0341 /* Frameworks */ = {
			isa = PBXFrameworksBuildPhase;
			buildActionMask = 2147483647;
			files = (
			);
			runOnlyForDeploymentPostprocessing = 0;
		};
/* End PBXFrameworksBuildPhase section */

/* Begin PBXGroup section */
		C4D6285B279AA2A2002C0341 = {
			isa = PBXGroup;
			children = (
				C4D62866279AA2A2002C0341 /* BBTagView */,
				C4D6287D279AA2A4002C0341 /* BBTagViewTests */,
				C4D62887279AA2A4002C0341 /* BBTagViewUITests */,
				C4D62865279AA2A2002C0341 /* Products */,
			);
			sourceTree = "<group>";
		};
		C4D62865279AA2A2002C0341 /* Products */ = {
			isa = PBXGroup;
			children = (
				C4D62864279AA2A2002C0341 /* BBTagView.app */,
				C4D6287A279AA2A4002C0341 /* BBTagViewTests.xctest */,
				C4D62884279AA2A4002C0341 /* BBTagViewUITests.xctest */,
			);
			name = Products;
			sourceTree = "<group>";
		};
		C4D62866279AA2A2002C0341 /* BBTagView */ = {
			isa = PBXGroup;
			children = (
				C4D62867279AA2A2002C0341 /* AppDelegate.swift */,
				C4D62869279AA2A2002C0341 /* SceneDelegate.swift */,
				C4D6286B279AA2A2002C0341 /* ViewController.swift */,
				C4D6286D279AA2A2002C0341 /* Main.storyboard */,
				C4D62870279AA2A4002C0341 /* Assets.xcassets */,
				C4D62872279AA2A4002C0341 /* LaunchScreen.storyboard */,
				C4D62875279AA2A4002C0341 /* Info.plist */,
			);
			path = BBTagView;
			sourceTree = "<group>";
		};
		C4D6287D279AA2A4002C0341 /* BBTagViewTests */ = {
			isa = PBXGroup;
			children = (
				C4D6287E279AA2A4002C0341 /* BBTagViewTests.swift */,
			);
			path = BBTagViewTests;
			sourceTree = "<group>";
		};
		C4D62887279AA2A4002C0341 /* BBTagViewUITests */ = {
			isa = PBXGroup;
			children = (
				C4D62888279AA2A4002C0341 /* BBTagViewUITests.swift */,
				C4D6288A279AA2A4002C0341 /* BBTagViewUITestsLaunchTests.swift */,
			);
			path = BBTagViewUITests;
			sourceTree = "<group>";
		};
/* End PBXGroup section */

/* Begin PBXNativeTarget section */
		C4D62863279AA2A2002C0341 /* BBTagView */ = {
			isa = PBXNativeTarget;
			buildConfigurationList = C4D6288E279AA2A4002C0341 /* Build configuration list for PBXNativeTarget "BBTagView" */;
			buildPhases = (
				C4D62860279AA2A2002C0341 /* Sources */,
				C4D62861279AA2A2002C0341 /* Frameworks */,
				C4D62862279AA2A2002C0341 /* Resources */,
			);
			buildRules = (
			);
			dependencies = (
			);
			name = BBTagView;
			productName = BBTagView;
			productReference = C4D62864279AA2A2002C0341 /* BBTagView.app */;
			productType = "com.apple.product-type.application";
		};
		C4D62879279AA2A4002C0341 /* BBTagViewTests */ = {
			isa = PBXNativeTarget;
			buildConfigurationList = C4D62891279AA2A4002C0341 /* Build configuration list for PBXNativeTarget "BBTagViewTests" */;
			buildPhases = (
				C4D62876279AA2A4002C0341 /* Sources */,
				C4D62877279AA2A4002C0341 /* Frameworks */,
				C4D62878279AA2A4002C0341 /* Resources */,
			);
			buildRules = (
			);
			dependencies = (
				C4D6287C279AA2A4002C0341 /* PBXTargetDependency */,
			);
			name = BBTagViewTests;
			productName = BBTagViewTests;
			productReference = C4D6287A279AA2A4002C0341 /* BBTagViewTests.xctest */;
			productType = "com.apple.product-type.bundle.unit-test";
		};
		C4D62883279AA2A4002C0341 /* BBTagViewUITests */ = {
			isa = PBXNativeTarget;
			buildConfigurationList = C4D62894279AA2A4002C0341 /* Build configuration list for PBXNativeTarget "BBTagViewUITests" */;
			buildPhases = (
				C4D62880279AA2A4002C0341 /* Sources */,
				C4D62881279AA2A4002C0341 /* Frameworks */,
				C4D62882279AA2A4002C0341 /* Resources */,
			);
			buildRules = (
			);
			dependencies = (
				C4D62886279AA2A4002C0341 /* PBXTargetDependency */,
			);
			name = BBTagViewUITests;
			productName = BBTagViewUITests;
			productReference = C4D62884279AA2A4002C0341 /* BBTagViewUITests.xctest */;
			productType = "com.apple.product-type.bundle.ui-testing";
		};
/* End PBXNativeTarget section */

/* Begin PBXProject section */
		C4D6285C279AA2A2002C0341 /* Project object */ = {
			isa = PBXProject;
			attributes = {
				BuildIndependentTargetsInParallel = 1;
				LastSwiftUpdateCheck = 1310;
				LastUpgradeCheck = 1310;
				TargetAttributes = {
					C4D62863279AA2A2002C0341 = {
						CreatedOnToolsVersion = 13.1;
					};
					C4D62879279AA2A4002C0341 = {
						CreatedOnToolsVersion = 13.1;
						TestTargetID = C4D62863279AA2A2002C0341;
					};
					C4D62883279AA2A4002C0341 = {
						CreatedOnToolsVersion = 13.1;
						TestTargetID = C4D62863279AA2A2002C0341;
					};
				};
			};
			buildConfigurationList = C4D6285F279AA2A2002C0341 /* Build configuration list for PBXProject "BBTagView" */;
			compatibilityVersion = "Xcode 13.0";
			developmentRegion = en;
			hasScannedForEncodings = 0;
			knownRegions = (
				en,
				Base,
			);
			mainGroup = C4D6285B279AA2A2002C0341;
			productRefGroup = C4D62865279AA2A2002C0341 /* Products */;
			projectDirPath = "";
			projectRoot = "";
			targets = (
				C4D62863279AA2A2002C0341 /* BBTagView */,
				C4D62879279AA2A4002C0341 /* BBTagViewTests */,
				C4D62883279AA2A4002C0341 /* BBTagViewUITests */,
			);
		};
/* End PBXProject section */

/* Begin PBXResourcesBuildPhase section */
		C4D62862279AA2A2002C0341 /* Resources */ = {
			isa = PBXResourcesBuildPhase;
			buildActionMask = 2147483647;
			files = (
				C4D62874279AA2A4002C0341 /* LaunchScreen.storyboard in Resources */,
				C4D62871279AA2A4002C0341 /* Assets.xcassets in Resources */,
				C4D6286F279AA2A2002C0341 /* Main.storyboard in Resources */,
			);
			runOnlyForDeploymentPostprocessing = 0;
		};
		C4D62878279AA2A4002C0341 /* Resources */ = {
			isa = PBXResourcesBuildPhase;
			buildActionMask = 2147483647;
			files = (
			);
			runOnlyForDeploymentPostprocessing = 0;
		};
		C4D62882279AA2A4002C0341 /* Resources */ = {
			isa = PBXResourcesBuildPhase;
			buildActionMask = 2147483647;
			files = (
			);
			runOnlyForDeploymentPostprocessing = 0;
		};
/* End PBXResourcesBuildPhase section */

/* Begin PBXSourcesBuildPhase section */
		C4D62860279AA2A2002C0341 /* Sources */ = {
			isa = PBXSourcesBuildPhase;
			buildActionMask = 2147483647;
			files = (
				C4D6286C279AA2A2002C0341 /* ViewController.swift in Sources */,
				C4D62868279AA2A2002C0341 /* AppDelegate.swift in Sources */,
				C4D6286A279AA2A2002C0341 /* SceneDelegate.swift in Sources */,
			);
			runOnlyForDeploymentPostprocessing = 0;
		};
		C4D62876279AA2A4002C0341 /* Sources */ = {
			isa = PBXSourcesBuildPhase;
			buildActionMask = 2147483647;
			files = (
				C4D6287F279AA2A4002C0341 /* BBTagViewTests.swift in Sources */,
			);
			runOnlyForDeploymentPostprocessing = 0;
		};
		C4D62880279AA2A4002C0341 /* Sources */ = {
			isa = PBXSourcesBuildPhase;
			buildActionMask = 2147483647;
			files = (
				C4D6288B279AA2A4002C0341 /* BBTagViewUITestsLaunchTests.swift in Sources */,
				C4D62889279AA2A4002C0341 /* BBTagViewUITests.swift in Sources */,
			);
			runOnlyForDeploymentPostprocessing = 0;
		};
/* End PBXSourcesBuildPhase section */

/* Begin PBXTargetDependency section */
		C4D6287C279AA2A4002C0341 /* PBXTargetDependency */ = {
			isa = PBXTargetDependency;
			target = C4D62863279AA2A2002C0341 /* BBTagView */;
			targetProxy = C4D6287B279AA2A4002C0341 /* PBXContainerItemProxy */;
		};
		C4D62886279AA2A4002C0341 /* PBXTargetDependency */ = {
			isa = PBXTargetDependency;
			target = C4D62863279AA2A2002C0341 /* BBTagView */;
			targetProxy = C4D62885279AA2A4002C0341 /* PBXContainerItemProxy */;
		};
/* End PBXTargetDependency section */

/* Begin PBXVariantGroup section */
		C4D6286D279AA2A2002C0341 /* Main.storyboard */ = {
			isa = PBXVariantGroup;
			children = (
				C4D6286E279AA2A2002C0341 /* Base */,
			);
			name = Main.storyboard;
			sourceTree = "<group>";
		};
		C4D62872279AA2A4002C0341 /* LaunchScreen.storyboard */ = {
			isa = PBXVariantGroup;
			children = (
				C4D62873279AA2A4002C0341 /* Base */,
			);
			name = LaunchScreen.storyboard;
			sourceTree = "<group>";
		};
/* End PBXVariantGroup section */

/* Begin XCBuildConfiguration section */
		C4D6288C279AA2A4002C0341 /* Debug */ = {
			isa = XCBuildConfiguration;
			buildSettings = {
				ALWAYS_SEARCH_USER_PATHS = NO;
				CLANG_ANALYZER_NONNULL = YES;
				CLANG_ANALYZER_NUMBER_OBJECT_CONVERSION = YES_AGGRESSIVE;
				CLANG_CXX_LANGUAGE_STANDARD = "gnu++17";
				CLANG_CXX_LIBRARY = "libc++";
				CLANG_ENABLE_MODULES = YES;
				CLANG_ENABLE_OBJC_ARC = YES;
				CLANG_ENABLE_OBJC_WEAK = YES;
				CLANG_WARN_BLOCK_CAPTURE_AUTORELEASING = YES;
				CLANG_WARN_BOOL_CONVERSION = YES;
				CLANG_WARN_COMMA = YES;
				CLANG_WARN_CONSTANT_CONVERSION = YES;
				CLANG_WARN_DEPRECATED_OBJC_IMPLEMENTATIONS = YES;
				CLANG_WARN_DIRECT_OBJC_ISA_USAGE = YES_ERROR;
				CLANG_WARN_DOCUMENTATION_COMMENTS = YES;
				CLANG_WARN_EMPTY_BODY = YES;
				CLANG_WARN_ENUM_CONVERSION = YES;
				CLANG_WARN_INFINITE_RECURSION = YES;
				CLANG_WARN_INT_CONVERSION = YES;
				CLANG_WARN_NON_LITERAL_NULL_CONVERSION = YES;
				CLANG_WARN_OBJC_IMPLICIT_RETAIN_SELF = YES;
				CLANG_WARN_OBJC_LITERAL_CONVERSION = YES;
				CLANG_WARN_OBJC_ROOT_CLASS = YES_ERROR;
				CLANG_WARN_QUOTED_INCLUDE_IN_FRAMEWORK_HEADER = YES;
				CLANG_WARN_RANGE_LOOP_ANALYSIS = YES;
				CLANG_WARN_STRICT_PROTOTYPES = YES;
				CLANG_WARN_SUSPICIOUS_MOVE = YES;
				CLANG_WARN_UNGUARDED_AVAILABILITY = YES_AGGRESSIVE;
				CLANG_WARN_UNREACHABLE_CODE = YES;
				CLANG_WARN__DUPLICATE_METHOD_MATCH = YES;
				COPY_PHASE_STRIP = NO;
				DEBUG_INFORMATION_FORMAT = dwarf;
				ENABLE_STRICT_OBJC_MSGSEND = YES;
				ENABLE_TESTABILITY = YES;
				GCC_C_LANGUAGE_STANDARD = gnu11;
				GCC_DYNAMIC_NO_PIC = NO;
				GCC_NO_COMMON_BLOCKS = YES;
				GCC_OPTIMIZATION_LEVEL = 0;
				GCC_PREPROCESSOR_DEFINITIONS = (
					"DEBUG=1",
					"$(inherited)",
				);
				GCC_WARN_64_TO_32_BIT_CONVERSION = YES;
				GCC_WARN_ABOUT_RETURN_TYPE = YES_ERROR;
				GCC_WARN_UNDECLARED_SELECTOR = YES;
				GCC_WARN_UNINITIALIZED_AUTOS = YES_AGGRESSIVE;
				GCC_WARN_UNUSED_FUNCTION = YES;
				GCC_WARN_UNUSED_VARIABLE = YES;
				IPHONEOS_DEPLOYMENT_TARGET = 15.0;
				MTL_ENABLE_DEBUG_INFO = INCLUDE_SOURCE;
				MTL_FAST_MATH = YES;
				ONLY_ACTIVE_ARCH = YES;
				SDKROOT = iphoneos;
				SWIFT_ACTIVE_COMPILATION_CONDITIONS = DEBUG;
				SWIFT_OPTIMIZATION_LEVEL = "-Onone";
			};
			name = Debug;
		};
		C4D6288D279AA2A4002C0341 /* Release */ = {
			isa = XCBuildConfiguration;
			buildSettings = {
				ALWAYS_SEARCH_USER_PATHS = NO;
				CLANG_ANALYZER_NONNULL = YES;
				CLANG_ANALYZER_NUMBER_OBJECT_CONVERSION = YES_AGGRESSIVE;
				CLANG_CXX_LANGUAGE_STANDARD = "gnu++17";
				CLANG_CXX_LIBRARY = "libc++";
				CLANG_ENABLE_MODULES = YES;
				CLANG_ENABLE_OBJC_ARC = YES;
				CLANG_ENABLE_OBJC_WEAK = YES;
				CLANG_WARN_BLOCK_CAPTURE_AUTORELEASING = YES;
				CLANG_WARN_BOOL_CONVERSION = YES;
				CLANG_WARN_COMMA = YES;
				CLANG_WARN_CONSTANT_CONVERSION = YES;
				CLANG_WARN_DEPRECATED_OBJC_IMPLEMENTATIONS = YES;
				CLANG_WARN_DIRECT_OBJC_ISA_USAGE = YES_ERROR;
				CLANG_WARN_DOCUMENTATION_COMMENTS = YES;
				CLANG_WARN_EMPTY_BODY = YES;
				CLANG_WARN_ENUM_CONVERSION = YES;
				CLANG_WARN_INFINITE_RECURSION = YES;
				CLANG_WARN_INT_CONVERSION = YES;
				CLANG_WARN_NON_LITERAL_NULL_CONVERSION = YES;
				CLANG_WARN_OBJC_IMPLICIT_RETAIN_SELF = YES;
				CLANG_WARN_OBJC_LITERAL_CONVERSION = YES;
				CLANG_WARN_OBJC_ROOT_CLASS = YES_ERROR;
				CLANG_WARN_QUOTED_INCLUDE_IN_FRAMEWORK_HEADER = YES;
				CLANG_WARN_RANGE_LOOP_ANALYSIS = YES;
				CLANG_WARN_STRICT_PROTOTYPES = YES;
				CLANG_WARN_SUSPICIOUS_MOVE = YES;
				CLANG_WARN_UNGUARDED_AVAILABILITY = YES_AGGRESSIVE;
				CLANG_WARN_UNREACHABLE_CODE = YES;
				CLANG_WARN__DUPLICATE_METHOD_MATCH = YES;
				COPY_PHASE_STRIP = NO;
				DEBUG_INFORMATION_FORMAT = "dwarf-with-dsym";
				ENABLE_NS_ASSERTIONS = NO;
				ENABLE_STRICT_OBJC_MSGSEND = YES;
				GCC_C_LANGUAGE_STANDARD = gnu11;
				GCC_NO_COMMON_BLOCKS = YES;
				GCC_WARN_64_TO_32_BIT_CONVERSION = YES;
				GCC_WARN_ABOUT_RETURN_TYPE = YES_ERROR;
				GCC_WARN_UNDECLARED_SELECTOR = YES;
				GCC_WARN_UNINITIALIZED_AUTOS = YES_AGGRESSIVE;
				GCC_WARN_UNUSED_FUNCTION = YES;
				GCC_WARN_UNUSED_VARIABLE = YES;
				IPHONEOS_DEPLOYMENT_TARGET = 15.0;
				MTL_ENABLE_DEBUG_INFO = NO;
				MTL_FAST_MATH = YES;
				SDKROOT = iphoneos;
				SWIFT_COMPILATION_MODE = wholemodule;
				SWIFT_OPTIMIZATION_LEVEL = "-O";
				VALIDATE_PRODUCT = YES;
			};
			name = Release;
		};
		C4D6288F279AA2A4002C0341 /* Debug */ = {
			isa = XCBuildConfiguration;
			buildSettings = {
				ASSETCATALOG_COMPILER_APPICON_NAME = AppIcon;
				ASSETCATALOG_COMPILER_GLOBAL_ACCENT_COLOR_NAME = AccentColor;
				CODE_SIGN_STYLE = Automatic;
				CURRENT_PROJECT_VERSION = 1;
				DEVELOPMENT_TEAM = WSPFY25Q56;
				GENERATE_INFOPLIST_FILE = YES;
				INFOPLIST_FILE = BBTagView/Info.plist;
				INFOPLIST_KEY_UIApplicationSupportsIndirectInputEvents = YES;
				INFOPLIST_KEY_UILaunchStoryboardName = LaunchScreen;
				INFOPLIST_KEY_UIMainStoryboardFile = Main;
				INFOPLIST_KEY_UISupportedInterfaceOrientations_iPad = "UIInterfaceOrientationPortrait UIInterfaceOrientationPortraitUpsideDown UIInterfaceOrientationLandscapeLeft UIInterfaceOrientationLandscapeRight";
				INFOPLIST_KEY_UISupportedInterfaceOrientations_iPhone = "UIInterfaceOrientationPortrait UIInterfaceOrientationLandscapeLeft UIInterfaceOrientationLandscapeRight";
				LD_RUNPATH_SEARCH_PATHS = (
					"$(inherited)",
					"@executable_path/Frameworks",
				);
				MARKETING_VERSION = 1.0;
				PRODUCT_BUNDLE_IDENTIFIER = com.yoao.BBTagView;
				PRODUCT_NAME = "$(TARGET_NAME)";
				SWIFT_EMIT_LOC_STRINGS = YES;
				SWIFT_VERSION = 5.0;
				TARGETED_DEVICE_FAMILY = "1,2";
			};
			name = Debug;
		};
		C4D62890279AA2A4002C0341 /* Release */ = {
			isa = XCBuildConfiguration;
			buildSettings = {
				ASSETCATALOG_COMPILER_APPICON_NAME = AppIcon;
				ASSETCATALOG_COMPILER_GLOBAL_ACCENT_COLOR_NAME = AccentColor;
				CODE_SIGN_STYLE = Automatic;
				CURRENT_PROJECT_VERSION = 1;
				DEVELOPMENT_TEAM = WSPFY25Q56;
				GENERATE_INFOPLIST_FILE = YES;
				INFOPLIST_FILE = BBTagView/Info.plist;
				INFOPLIST_KEY_UIApplicationSupportsIndirectInputEvents = YES;
				INFOPLIST_KEY_UILaunchStoryboardName = LaunchScreen;
				INFOPLIST_KEY_UIMainStoryboardFile = Main;
				INFOPLIST_KEY_UISupportedInterfaceOrientations_iPad = "UIInterfaceOrientationPortrait UIInterfaceOrientationPortraitUpsideDown UIInterfaceOrientationLandscapeLeft UIInterfaceOrientationLandscapeRight";
				INFOPLIST_KEY_UISupportedInterfaceOrientations_iPhone = "UIInterfaceOrientationPortrait UIInterfaceOrientationLandscapeLeft UIInterfaceOrientationLandscapeRight";
				LD_RUNPATH_SEARCH_PATHS = (
					"$(inherited)",
					"@executable_path/Frameworks",
				);
				MARKETING_VERSION = 1.0;
				PRODUCT_BUNDLE_IDENTIFIER = com.yoao.BBTagView;
				PRODUCT_NAME = "$(TARGET_NAME)";
				SWIFT_EMIT_LOC_STRINGS = YES;
				SWIFT_VERSION = 5.0;
				TARGETED_DEVICE_FAMILY = "1,2";
			};
			name = Release;
		};
		C4D62892279AA2A4002C0341 /* Debug */ = {
			isa = XCBuildConfiguration;
			buildSettings = {
				ALWAYS_EMBED_SWIFT_STANDARD_LIBRARIES = YES;
				BUNDLE_LOADER = "$(TEST_HOST)";
				CODE_SIGN_STYLE = Automatic;
				CURRENT_PROJECT_VERSION = 1;
				DEVELOPMENT_TEAM = WSPFY25Q56;
				GENERATE_INFOPLIST_FILE = YES;
				IPHONEOS_DEPLOYMENT_TARGET = 15.0;
				LD_RUNPATH_SEARCH_PATHS = (
					"$(inherited)",
					"@executable_path/Frameworks",
					"@loader_path/Frameworks",
				);
				MARKETING_VERSION = 1.0;
				PRODUCT_BUNDLE_IDENTIFIER = com.yoao.BBTagViewTests;
				PRODUCT_NAME = "$(TARGET_NAME)";
				SWIFT_EMIT_LOC_STRINGS = NO;
				SWIFT_VERSION = 5.0;
				TARGETED_DEVICE_FAMILY = "1,2";
				TEST_HOST = "$(BUILT_PRODUCTS_DIR)/BBTagView.app/BBTagView";
			};
			name = Debug;
		};
		C4D62893279AA2A4002C0341 /* Release */ = {
			isa = XCBuildConfiguration;
			buildSettings = {
				ALWAYS_EMBED_SWIFT_STANDARD_LIBRARIES = YES;
				BUNDLE_LOADER = "$(TEST_HOST)";
				CODE_SIGN_STYLE = Automatic;
				CURRENT_PROJECT_VERSION = 1;
				DEVELOPMENT_TEAM = WSPFY25Q56;
				GENERATE_INFOPLIST_FILE = YES;
				IPHONEOS_DEPLOYMENT_TARGET = 15.0;
				LD_RUNPATH_SEARCH_PATHS = (
					"$(inherited)",
					"@executable_path/Frameworks",
					"@loader_path/Frameworks",
				);
				MARKETING_VERSION = 1.0;
				PRODUCT_BUNDLE_IDENTIFIER = com.yoao.BBTagViewTests;
				PRODUCT_NAME = "$(TARGET_NAME)";
				SWIFT_EMIT_LOC_STRINGS = NO;
				SWIFT_VERSION = 5.0;
				TARGETED_DEVICE_FAMILY = "1,2";
				TEST_HOST = "$(BUILT_PRODUCTS_DIR)/BBTagView.app/BBTagView";
			};
			name = Release;
		};
		C4D62895279AA2A4002C0341 /* Debug */ = {
			isa = XCBuildConfiguration;
			buildSettings = {
				ALWAYS_EMBED_SWIFT_STANDARD_LIBRARIES = YES;
				CODE_SIGN_STYLE = Automatic;
				CURRENT_PROJECT_VERSION = 1;
				DEVELOPMENT_TEAM = WSPFY25Q56;
				GENERATE_INFOPLIST_FILE = YES;
				LD_RUNPATH_SEARCH_PATHS = (
					"$(inherited)",
					"@executable_path/Frameworks",
					"@loader_path/Frameworks",
				);
				MARKETING_VERSION = 1.0;
				PRODUCT_BUNDLE_IDENTIFIER = com.yoao.BBTagViewUITests;
				PRODUCT_NAME = "$(TARGET_NAME)";
				SWIFT_EMIT_LOC_STRINGS = NO;
				SWIFT_VERSION = 5.0;
				TARGETED_DEVICE_FAMILY = "1,2";
				TEST_TARGET_NAME = BBTagView;
			};
			name = Debug;
		};
		C4D62896279AA2A4002C0341 /* Release */ = {
			isa = XCBuildConfiguration;
			buildSettings = {
				ALWAYS_EMBED_SWIFT_STANDARD_LIBRARIES = YES;
				CODE_SIGN_STYLE = Automatic;
				CURRENT_PROJECT_VERSION = 1;
				DEVELOPMENT_TEAM = WSPFY25Q56;
				GENERATE_INFOPLIST_FILE = YES;
				LD_RUNPATH_SEARCH_PATHS = (
					"$(inherited)",
					"@executable_path/Frameworks",
					"@loader_path/Frameworks",
				);
				MARKETING_VERSION = 1.0;
				PRODUCT_BUNDLE_IDENTIFIER = com.yoao.BBTagViewUITests;
				PRODUCT_NAME = "$(TARGET_NAME)";
				SWIFT_EMIT_LOC_STRINGS = NO;
				SWIFT_VERSION = 5.0;
				TARGETED_DEVICE_FAMILY = "1,2";
				TEST_TARGET_NAME = BBTagView;
			};
			name = Release;
		};
/* End XCBuildConfiguration section */

/* Begin XCConfigurationList section */
		C4D6285F279AA2A2002C0341 /* Build configuration list for PBXProject "BBTagView" */ = {
			isa = XCConfigurationList;
			buildConfigurations = (
				C4D6288C279AA2A4002C0341 /* Debug */,
				C4D6288D279AA2A4002C0341 /* Release */,
			);
			defaultConfigurationIsVisible = 0;
			defaultConfigurationName = Release;
		};
		C4D6288E279AA2A4002C0341 /* Build configuration list for PBXNativeTarget "BBTagView" */ = {
			isa = XCConfigurationList;
			buildConfigurations = (
				C4D6288F279AA2A4002C0341 /* Debug */,
				C4D62890279AA2A4002C0341 /* Release */,
			);
			defaultConfigurationIsVisible = 0;
			defaultConfigurationName = Release;
		};
		C4D62891279AA2A4002C0341 /* Build configuration list for PBXNativeTarget "BBTagViewTests" */ = {
			isa = XCConfigurationList;
			buildConfigurations = (
				C4D62892279AA2A4002C0341 /* Debug */,
				C4D62893279AA2A4002C0341 /* Release */,
			);
			defaultConfigurationIsVisible = 0;
			defaultConfigurationName = Release;
		};
		C4D62894279AA2A4002C0341 /* Build configuration list for PBXNativeTarget "BBTagViewUITests" */ = {
			isa = XCConfigurationList;
			buildConfigurations = (
				C4D62895279AA2A4002C0341 /* Debug */,
				C4D62896279AA2A4002C0341 /* Release */,
			);
			defaultConfigurationIsVisible = 0;
			defaultConfigurationName = Release;
		};
/* End XCConfigurationList section */
	};
	rootObject = C4D6285C279AA2A2002C0341 /* Project object */;
}
